# THIS IS AN AUTOGENERATED FILE. DO NOT EDIT THIS FILE DIRECTLY.
# yarn lockfile v1


"@std/esm@0.16":
  version "0.16.0"
  resolved "https://registry.yarnpkg.com/@std/esm/-/esm-0.16.0.tgz#2a7a33ecb7f1701cebd4c87df6d0d945ed51f730"

graphql-tag@^2.5.0:
  version "2.5.0"
  resolved "https://registry.yarnpkg.com/graphql-tag/-/graphql-tag-2.5.0.tgz#b43bfd8b5babcd2c205ad680c03e98b238934e0f"

graphql@^0.11.7:
  version "0.11.7"
  resolved "https://registry.yarnpkg.com/graphql/-/graphql-0.11.7.tgz#e5abaa9cb7b7cccb84e9f0836bf4370d268750c6"
  dependencies:
    iterall "1.1.3"

iterall@1.1.3:
  version "1.1.3"
  resolved "https://registry.yarnpkg.com/iterall/-/iterall-1.1.3.tgz#1cbbff96204056dde6656e2ed2e2226d0e6d72c9"
